<Solution>
  <Folder Name="/src/">
    <Project Path="src/SmartMeeting.Api/SmartMeeting.Api.csproj" />
    <Project Path="src/SmartMeeting.Application/SmartMeeting.Application.csproj" />
    <Project Path="src/SmartMeeting.Domain/SmartMeeting.Domain.csproj" />
    <Project Path="src/SmartMeeting.Infrastructure/SmartMeeting.Infrastructure.csproj" />
    <Project Path="src/SmartMeeting.Persistence/SmartMeeting.Persistence.csproj" />
  </Folder>
  <Folder Name="/tests/">
    <Project Path="tests/SmartMeeting.Application.Tests/SmartMeeting.Application.Tests.csproj" />
    <Project Path="tests/SmartMeeting.Domain.Tests/SmartMeeting.Domain.Tests.csproj" />
    <Project Path="tests/SmartMeeting.Api.Tests/SmartMeeting.Api.Tests.csproj" />
  </Folder>
</Solution>
